{
  "object": {
    "pins": [
      {
        "package": "HSBottomSheet",
        "repositoryURL": "git@github.com:hseapp/HSBottomSheet.git",
        "state": {
          "branch": null,
          "revision": "223b76b824abec3d1b9dfa2032c5b450fc314238",
          "version": "1.0.0"
        }
      }
    ]
  },
  "version": 1
}
