{
  "object": {
    "pins": [
      {
        "package": "HSEUI",
        "repositoryURL": "/Users/matveykavtorov/Desktop/HSEUI",
        "state": {
          "branch": "master",
          "revision": "f4d79621aadf783418201cf61250c24879357004",
          "version": null
        }
      }
    ]
  },
  "version": 1
}
