// !$*UTF8*$!
{
	archiveVersion = 1;
	classes = {
	};
	objectVersion = 55;
	objects = {

/* Begin PBXBuildFile section */
		35D21D1E271380440055625F /* HSEUIComponents.h in Headers */ = {isa = PBXBuildFile; fileRef = 35D21CCE271380440055625F /* HSEUIComponents.h */; settings = {ATTRIBUTES = (Public, ); }; };
		35D21D1F271380440055625F /* HSELoader.swift in Sources */ = {isa = PBXBuildFile; fileRef = 35D21CD0271380440055625F /* HSELoader.swift */; };
		35D21D20271380440055625F /* RangeSliderTrackLayer.swift in Sources */ = {isa = PBXBuildFile; fileRef = 35D21CD2271380440055625F /* RangeSliderTrackLayer.swift */; };
		35D21D21271380440055625F /* TimeBounds.swift in Sources */ = {isa = PBXBuildFile; fileRef = 35D21CD3271380440055625F /* TimeBounds.swift */; };
		35D21D22271380440055625F /* Time.swift in Sources */ = {isa = PBXBuildFile; fileRef = 35D21CD4271380440055625F /* Time.swift */; };
		35D21D23271380440055625F /* TimePickerView.swift in Sources */ = {isa = PBXBuildFile; fileRef = 35D21CD5271380440055625F /* TimePickerView.swift */; };
		35D21D24271380440055625F /* RangeSlider.swift in Sources */ = {isa = PBXBuildFile; fileRef = 35D21CD6271380440055625F /* RangeSlider.swift */; };
		35D21D25271380440055625F /* TimePickerScrollView.swift in Sources */ = {isa = PBXBuildFile; fileRef = 35D21CD7271380440055625F /* TimePickerScrollView.swift */; };
		35D21D26271380440055625F /* FiltersViewModel.swift in Sources */ = {isa = PBXBuildFile; fileRef = 35D21CD8271380440055625F /* FiltersViewModel.swift */; };
		35D21D27271380440055625F /* ImageViewTransitionPresentationManager.swift in Sources */ = {isa = PBXBuildFile; fileRef = 35D21CDB271380440055625F /* ImageViewTransitionPresentationManager.swift */; };
		35D21D28271380440055625F /* ImageDisplayerViewController.swift in Sources */ = {isa = PBXBuildFile; fileRef = 35D21CDC271380440055625F /* ImageDisplayerViewController.swift */; };
		35D21D29271380440055625F /* ImageViewerController.swift in Sources */ = {isa = PBXBuildFile; fileRef = 35D21CDD271380440055625F /* ImageViewerController.swift */; };
		35D21D2A271380440055625F /* ImageDataSource.swift in Sources */ = {isa = PBXBuildFile; fileRef = 35D21CDE271380440055625F /* ImageDataSource.swift */; };
		35D21D2B271380440055625F /* ImageView.swift in Sources */ = {isa = PBXBuildFile; fileRef = 35D21CDF271380440055625F /* ImageView.swift */; };
		35D21D2C271380440055625F /* IImageLoader.swift in Sources */ = {isa = PBXBuildFile; fileRef = 35D21CE1271380440055625F /* IImageLoader.swift */; };
		35D21D2D271380440055625F /* ImageSaver.swift in Sources */ = {isa = PBXBuildFile; fileRef = 35D21CE2271380440055625F /* ImageSaver.swift */; };
		35D21D2E271380440055625F /* ButtonWithLeadingImage.swift in Sources */ = {isa = PBXBuildFile; fileRef = 35D21CE4271380440055625F /* ButtonWithLeadingImage.swift */; };
		35D21D2F271380440055625F /* BrandButton.swift in Sources */ = {isa = PBXBuildFile; fileRef = 35D21CE5271380440055625F /* BrandButton.swift */; };
		35D21D30271380440055625F /* ExpandedButton.swift in Sources */ = {isa = PBXBuildFile; fileRef = 35D21CE6271380440055625F /* ExpandedButton.swift */; };
		35D21D31271380440055625F /* BottomButtonView.swift in Sources */ = {isa = PBXBuildFile; fileRef = 35D21CE7271380440055625F /* BottomButtonView.swift */; };
		35D21D32271380440055625F /* PlaceholderTextView.swift in Sources */ = {isa = PBXBuildFile; fileRef = 35D21CE8271380440055625F /* PlaceholderTextView.swift */; };
		35D21D33271380440055625F /* HSERefreshControl.swift in Sources */ = {isa = PBXBuildFile; fileRef = 35D21CE9271380440055625F /* HSERefreshControl.swift */; };
		35D21D34271380440055625F /* MenuOptionViewModel.swift in Sources */ = {isa = PBXBuildFile; fileRef = 35D21CEB271380440055625F /* MenuOptionViewModel.swift */; };
		35D21D35271380440055625F /* MenuOptionsCollectionViewModel.swift in Sources */ = {isa = PBXBuildFile; fileRef = 35D21CEC271380440055625F /* MenuOptionsCollectionViewModel.swift */; };
		35D21D36271380440055625F /* PaddingViewModel.swift in Sources */ = {isa = PBXBuildFile; fileRef = 35D21CED271380440055625F /* PaddingViewModel.swift */; };
		35D21D37271380440055625F /* StackViewModel.swift in Sources */ = {isa = PBXBuildFile; fileRef = 35D21CEE271380440055625F /* StackViewModel.swift */; };
		35D21D38271380440055625F /* DoubleTextViewModel.swift in Sources */ = {isa = PBXBuildFile; fileRef = 35D21CF0271380440055625F /* DoubleTextViewModel.swift */; };
		35D21D39271380440055625F /* TitleWithSubtitleViewModel.swift in Sources */ = {isa = PBXBuildFile; fileRef = 35D21CF1271380440055625F /* TitleWithSubtitleViewModel.swift */; };
		35D21D3A271380440055625F /* ImageWithTextViewModel.swift in Sources */ = {isa = PBXBuildFile; fileRef = 35D21CF2271380440055625F /* ImageWithTextViewModel.swift */; };
		35D21D3B271380440055625F /* ImageViewModel.swift in Sources */ = {isa = PBXBuildFile; fileRef = 35D21CF3271380440055625F /* ImageViewModel.swift */; };
		35D21D3C271380440055625F /* TextViewModel.swift in Sources */ = {isa = PBXBuildFile; fileRef = 35D21CF4271380440055625F /* TextViewModel.swift */; };
		35D21D3D271380440055625F /* ChipsViewModel.swift in Sources */ = {isa = PBXBuildFile; fileRef = 35D21CF5271380440055625F /* ChipsViewModel.swift */; };
		35D21D3E271380440055625F /* OverflowViewModel.swift in Sources */ = {isa = PBXBuildFile; fileRef = 35D21CF7271380440055625F /* OverflowViewModel.swift */; };
		35D21D3F271380440055625F /* OveflowView.swift in Sources */ = {isa = PBXBuildFile; fileRef = 35D21CF8271380440055625F /* OveflowView.swift */; };
		35D21D40271380440055625F /* OverflowViewController.swift in Sources */ = {isa = PBXBuildFile; fileRef = 35D21CF9271380440055625F /* OverflowViewController.swift */; };
		35D21D41271380440055625F /* HeaderViewModel.swift in Sources */ = {isa = PBXBuildFile; fileRef = 35D21CFB271380440055625F /* HeaderViewModel.swift */; };
		35D21D42271380440055625F /* BaseEntityHeaderView.swift in Sources */ = {isa = PBXBuildFile; fileRef = 35D21CFC271380440055625F /* BaseEntityHeaderView.swift */; };
		35D21D43271380440055625F /* TextFieldViewModel.swift in Sources */ = {isa = PBXBuildFile; fileRef = 35D21CFE271380440055625F /* TextFieldViewModel.swift */; };
		35D21D44271380440055625F /* ActionButtonViewModel.swift in Sources */ = {isa = PBXBuildFile; fileRef = 35D21CFF271380440055625F /* ActionButtonViewModel.swift */; };
		35D21D45271380440055625F /* AppendViewModel.swift in Sources */ = {isa = PBXBuildFile; fileRef = 35D21D00271380440055625F /* AppendViewModel.swift */; };
		35D21D46271380440055625F /* CheckboxViewModel.swift in Sources */ = {isa = PBXBuildFile; fileRef = 35D21D01271380440055625F /* CheckboxViewModel.swift */; };
		35D21D47271380440055625F /* TextInputViewModel.swift in Sources */ = {isa = PBXBuildFile; fileRef = 35D21D02271380440055625F /* TextInputViewModel.swift */; };
		35D21D48271380440055625F /* PickerViewModel.swift in Sources */ = {isa = PBXBuildFile; fileRef = 35D21D03271380440055625F /* PickerViewModel.swift */; };
		35D21D49271380440055625F /* NewDataLoaderViewModel.swift in Sources */ = {isa = PBXBuildFile; fileRef = 35D21D04271380440055625F /* NewDataLoaderViewModel.swift */; };
		35D21D4A271380440055625F /* BottomPageContainerView.swift in Sources */ = {isa = PBXBuildFile; fileRef = 35D21D06271380440055625F /* BottomPageContainerView.swift */; };
		35D21D4B271380440055625F /* BottomPageModel.swift in Sources */ = {isa = PBXBuildFile; fileRef = 35D21D08271380440055625F /* BottomPageModel.swift */; };
		35D21D4C271380440055625F /* ListView.swift in Sources */ = {isa = PBXBuildFile; fileRef = 35D21D09271380440055625F /* ListView.swift */; };
		35D21D4D271380440055625F /* WebView.swift in Sources */ = {isa = PBXBuildFile; fileRef = 35D21D0A271380440055625F /* WebView.swift */; };
		35D21D4E271380440055625F /* ListsCollectionView.swift in Sources */ = {isa = PBXBuildFile; fileRef = 35D21D0B271380440055625F /* ListsCollectionView.swift */; };
		35D21D4F271380440055625F /* Skeleton.swift in Sources */ = {isa = PBXBuildFile; fileRef = 35D21D0E271380440055625F /* Skeleton.swift */; };
		35D21D50271380440055625F /* CollectionViewController.swift in Sources */ = {isa = PBXBuildFile; fileRef = 35D21D0F271380440055625F /* CollectionViewController.swift */; };
		35D21D51271380440055625F /* CustomNavigationController.swift in Sources */ = {isa = PBXBuildFile; fileRef = 35D21D10271380440055625F /* CustomNavigationController.swift */; };
		35D21D52271380440055625F /* Colors.xcassets in Resources */ = {isa = PBXBuildFile; fileRef = 35D21D12271380440055625F /* Colors.xcassets */; };
		35D21D53271380440055625F /* Assets.xcassets in Resources */ = {isa = PBXBuildFile; fileRef = 35D21D13271380440055625F /* Assets.xcassets */; };
		35D21D54271380440055625F /* Color.swift in Sources */ = {isa = PBXBuildFile; fileRef = 35D21D14271380440055625F /* Color.swift */; };
		35D21D55271380440055625F /* UILabel+AttributedText.swift in Sources */ = {isa = PBXBuildFile; fileRef = 35D21D16271380440055625F /* UILabel+AttributedText.swift */; };
		35D21D56271380440055625F /* UIViewController+CustomNavigationBar.swift in Sources */ = {isa = PBXBuildFile; fileRef = 35D21D17271380440055625F /* UIViewController+CustomNavigationBar.swift */; };
		35D21D57271380440055625F /* ViewTag.swift in Sources */ = {isa = PBXBuildFile; fileRef = 35D21D18271380440055625F /* ViewTag.swift */; };
		35D21D58271380440055625F /* DrawImage.swift in Sources */ = {isa = PBXBuildFile; fileRef = 35D21D19271380440055625F /* DrawImage.swift */; };
		35D21D59271380440055625F /* UIViewController+Overflow.swift in Sources */ = {isa = PBXBuildFile; fileRef = 35D21D1A271380440055625F /* UIViewController+Overflow.swift */; };
		35D21D5A271380440055625F /* UIImage+Cropping.swift in Sources */ = {isa = PBXBuildFile; fileRef = 35D21D1B271380440055625F /* UIImage+Cropping.swift */; };
		35D21D5B271380440055625F /* Bundle+Current.swift in Sources */ = {isa = PBXBuildFile; fileRef = 35D21D1C271380440055625F /* Bundle+Current.swift */; };
		35D21D5C271380440055625F /* Array+Separators.swift in Sources */ = {isa = PBXBuildFile; fileRef = 35D21D1D271380440055625F /* Array+Separators.swift */; };
/* End PBXBuildFile section */

/* Begin PBXFileReference section */
		35D21CC1271380060055625F /* HSEUIComponents.framework */ = {isa = PBXFileReference; explicitFileType = wrapper.framework; includeInIndex = 0; path = HSEUIComponents.framework; sourceTree = BUILT_PRODUCTS_DIR; };
		35D21CCE271380440055625F /* HSEUIComponents.h */ = {isa = PBXFileReference; fileEncoding = 4; lastKnownFileType = sourcecode.c.h; path = HSEUIComponents.h; sourceTree = "<group>"; };
		35D21CD0271380440055625F /* HSELoader.swift */ = {isa = PBXFileReference; fileEncoding = 4; lastKnownFileType = sourcecode.swift; path = HSELoader.swift; sourceTree = "<group>"; };
		35D21CD2271380440055625F /* RangeSliderTrackLayer.swift */ = {isa = PBXFileReference; fileEncoding = 4; lastKnownFileType = sourcecode.swift; path = RangeSliderTrackLayer.swift; sourceTree = "<group>"; };
		35D21CD3271380440055625F /* TimeBounds.swift */ = {isa = PBXFileReference; fileEncoding = 4; lastKnownFileType = sourcecode.swift; path = TimeBounds.swift; sourceTree = "<group>"; };
		35D21CD4271380440055625F /* Time.swift */ = {isa = PBXFileReference; fileEncoding = 4; lastKnownFileType = sourcecode.swift; path = Time.swift; sourceTree = "<group>"; };
		35D21CD5271380440055625F /* TimePickerView.swift */ = {isa = PBXFileReference; fileEncoding = 4; lastKnownFileType = sourcecode.swift; path = TimePickerView.swift; sourceTree = "<group>"; };
		35D21CD6271380440055625F /* RangeSlider.swift */ = {isa = PBXFileReference; fileEncoding = 4; lastKnownFileType = sourcecode.swift; path = RangeSlider.swift; sourceTree = "<group>"; };
		35D21CD7271380440055625F /* TimePickerScrollView.swift */ = {isa = PBXFileReference; fileEncoding = 4; lastKnownFileType = sourcecode.swift; path = TimePickerScrollView.swift; sourceTree = "<group>"; };
		35D21CD8271380440055625F /* FiltersViewModel.swift */ = {isa = PBXFileReference; fileEncoding = 4; lastKnownFileType = sourcecode.swift; path = FiltersViewModel.swift; sourceTree = "<group>"; };
		35D21CDB271380440055625F /* ImageViewTransitionPresentationManager.swift */ = {isa = PBXFileReference; fileEncoding = 4; lastKnownFileType = sourcecode.swift; path = ImageViewTransitionPresentationManager.swift; sourceTree = "<group>"; };
		35D21CDC271380440055625F /* ImageDisplayerViewController.swift */ = {isa = PBXFileReference; fileEncoding = 4; lastKnownFileType = sourcecode.swift; path = ImageDisplayerViewController.swift; sourceTree = "<group>"; };
		35D21CDD271380440055625F /* ImageViewerController.swift */ = {isa = PBXFileReference; fileEncoding = 4; lastKnownFileType = sourcecode.swift; path = ImageViewerController.swift; sourceTree = "<group>"; };
		35D21CDE271380440055625F /* ImageDataSource.swift */ = {isa = PBXFileReference; fileEncoding = 4; lastKnownFileType = sourcecode.swift; path = ImageDataSource.swift; sourceTree = "<group>"; };
		35D21CDF271380440055625F /* ImageView.swift */ = {isa = PBXFileReference; fileEncoding = 4; lastKnownFileType = sourcecode.swift; path = ImageView.swift; sourceTree = "<group>"; };
		35D21CE1271380440055625F /* IImageLoader.swift */ = {isa = PBXFileReference; fileEncoding = 4; lastKnownFileType = sourcecode.swift; path = IImageLoader.swift; sourceTree = "<group>"; };
		35D21CE2271380440055625F /* ImageSaver.swift */ = {isa = PBXFileReference; fileEncoding = 4; lastKnownFileType = sourcecode.swift; path = ImageSaver.swift; sourceTree = "<group>"; };
		35D21CE4271380440055625F /* ButtonWithLeadingImage.swift */ = {isa = PBXFileReference; fileEncoding = 4; lastKnownFileType = sourcecode.swift; path = ButtonWithLeadingImage.swift; sourceTree = "<group>"; };
		35D21CE5271380440055625F /* BrandButton.swift */ = {isa = PBXFileReference; fileEncoding = 4; lastKnownFileType = sourcecode.swift; path = BrandButton.swift; sourceTree = "<group>"; };
		35D21CE6271380440055625F /* ExpandedButton.swift */ = {isa = PBXFileReference; fileEncoding = 4; lastKnownFileType = sourcecode.swift; path = ExpandedButton.swift; sourceTree = "<group>"; };
		35D21CE7271380440055625F /* BottomButtonView.swift */ = {isa = PBXFileReference; fileEncoding = 4; lastKnownFileType = sourcecode.swift; path = BottomButtonView.swift; sourceTree = "<group>"; };
		35D21CE8271380440055625F /* PlaceholderTextView.swift */ = {isa = PBXFileReference; fileEncoding = 4; lastKnownFileType = sourcecode.swift; path = PlaceholderTextView.swift; sourceTree = "<group>"; };
		35D21CE9271380440055625F /* HSERefreshControl.swift */ = {isa = PBXFileReference; fileEncoding = 4; lastKnownFileType = sourcecode.swift; path = HSERefreshControl.swift; sourceTree = "<group>"; };
		35D21CEB271380440055625F /* MenuOptionViewModel.swift */ = {isa = PBXFileReference; fileEncoding = 4; lastKnownFileType = sourcecode.swift; path = MenuOptionViewModel.swift; sourceTree = "<group>"; };
		35D21CEC271380440055625F /* MenuOptionsCollectionViewModel.swift */ = {isa = PBXFileReference; fileEncoding = 4; lastKnownFileType = sourcecode.swift; path = MenuOptionsCollectionViewModel.swift; sourceTree = "<group>"; };
		35D21CED271380440055625F /* PaddingViewModel.swift */ = {isa = PBXFileReference; fileEncoding = 4; lastKnownFileType = sourcecode.swift; path = PaddingViewModel.swift; sourceTree = "<group>"; };
		35D21CEE271380440055625F /* StackViewModel.swift */ = {isa = PBXFileReference; fileEncoding = 4; lastKnownFileType = sourcecode.swift; path = StackViewModel.swift; sourceTree = "<group>"; };
		35D21CF0271380440055625F /* DoubleTextViewModel.swift */ = {isa = PBXFileReference; fileEncoding = 4; lastKnownFileType = sourcecode.swift; path = DoubleTextViewModel.swift; sourceTree = "<group>"; };
		35D21CF1271380440055625F /* TitleWithSubtitleViewModel.swift */ = {isa = PBXFileReference; fileEncoding = 4; lastKnownFileType = sourcecode.swift; path = TitleWithSubtitleViewModel.swift; sourceTree = "<group>"; };
		35D21CF2271380440055625F /* ImageWithTextViewModel.swift */ = {isa = PBXFileReference; fileEncoding = 4; lastKnownFileType = sourcecode.swift; path = ImageWithTextViewModel.swift; sourceTree = "<group>"; };
		35D21CF3271380440055625F /* ImageViewModel.swift */ = {isa = PBXFileReference; fileEncoding = 4; lastKnownFileType = sourcecode.swift; path = ImageViewModel.swift; sourceTree = "<group>"; };
		35D21CF4271380440055625F /* TextViewModel.swift */ = {isa = PBXFileReference; fileEncoding = 4; lastKnownFileType = sourcecode.swift; path = TextViewModel.swift; sourceTree = "<group>"; };
		35D21CF5271380440055625F /* ChipsViewModel.swift */ = {isa = PBXFileReference; fileEncoding = 4; lastKnownFileType = sourcecode.swift; path = ChipsViewModel.swift; sourceTree = "<group>"; };
		35D21CF7271380440055625F /* OverflowViewModel.swift */ = {isa = PBXFileReference; fileEncoding = 4; lastKnownFileType = sourcecode.swift; path = OverflowViewModel.swift; sourceTree = "<group>"; };
		35D21CF8271380440055625F /* OveflowView.swift */ = {isa = PBXFileReference; fileEncoding = 4; lastKnownFileType = sourcecode.swift; path = OveflowView.swift; sourceTree = "<group>"; };
		35D21CF9271380440055625F /* OverflowViewController.swift */ = {isa = PBXFileReference; fileEncoding = 4; lastKnownFileType = sourcecode.swift; path = OverflowViewController.swift; sourceTree = "<group>"; };
		35D21CFB271380440055625F /* HeaderViewModel.swift */ = {isa = PBXFileReference; fileEncoding = 4; lastKnownFileType = sourcecode.swift; path = HeaderViewModel.swift; sourceTree = "<group>"; };
		35D21CFC271380440055625F /* BaseEntityHeaderView.swift */ = {isa = PBXFileReference; fileEncoding = 4; lastKnownFileType = sourcecode.swift; path = BaseEntityHeaderView.swift; sourceTree = "<group>"; };
		35D21CFE271380440055625F /* TextFieldViewModel.swift */ = {isa = PBXFileReference; fileEncoding = 4; lastKnownFileType = sourcecode.swift; path = TextFieldViewModel.swift; sourceTree = "<group>"; };
		35D21CFF271380440055625F /* ActionButtonViewModel.swift */ = {isa = PBXFileReference; fileEncoding = 4; lastKnownFileType = sourcecode.swift; path = ActionButtonViewModel.swift; sourceTree = "<group>"; };
		35D21D00271380440055625F /* AppendViewModel.swift */ = {isa = PBXFileReference; fileEncoding = 4; lastKnownFileType = sourcecode.swift; path = AppendViewModel.swift; sourceTree = "<group>"; };
		35D21D01271380440055625F /* CheckboxViewModel.swift */ = {isa = PBXFileReference; fileEncoding = 4; lastKnownFileType = sourcecode.swift; path = CheckboxViewModel.swift; sourceTree = "<group>"; };
		35D21D02271380440055625F /* TextInputViewModel.swift */ = {isa = PBXFileReference; fileEncoding = 4; lastKnownFileType = sourcecode.swift; path = TextInputViewModel.swift; sourceTree = "<group>"; };
		35D21D03271380440055625F /* PickerViewModel.swift */ = {isa = PBXFileReference; fileEncoding = 4; lastKnownFileType = sourcecode.swift; path = PickerViewModel.swift; sourceTree = "<group>"; };
		35D21D04271380440055625F /* NewDataLoaderViewModel.swift */ = {isa = PBXFileReference; fileEncoding = 4; lastKnownFileType = sourcecode.swift; path = NewDataLoaderViewModel.swift; sourceTree = "<group>"; };
		35D21D06271380440055625F /* BottomPageContainerView.swift */ = {isa = PBXFileReference; fileEncoding = 4; lastKnownFileType = sourcecode.swift; path = BottomPageContainerView.swift; sourceTree = "<group>"; };
		35D21D08271380440055625F /* BottomPageModel.swift */ = {isa = PBXFileReference; fileEncoding = 4; lastKnownFileType = sourcecode.swift; path = BottomPageModel.swift; sourceTree = "<group>"; };
		35D21D09271380440055625F /* ListView.swift */ = {isa = PBXFileReference; fileEncoding = 4; lastKnownFileType = sourcecode.swift; path = ListView.swift; sourceTree = "<group>"; };
		35D21D0A271380440055625F /* WebView.swift */ = {isa = PBXFileReference; fileEncoding = 4; lastKnownFileType = sourcecode.swift; path = WebView.swift; sourceTree = "<group>"; };
		35D21D0B271380440055625F /* ListsCollectionView.swift */ = {isa = PBXFileReference; fileEncoding = 4; lastKnownFileType = sourcecode.swift; path = ListsCollectionView.swift; sourceTree = "<group>"; };
		35D21D0E271380440055625F /* Skeleton.swift */ = {isa = PBXFileReference; fileEncoding = 4; lastKnownFileType = sourcecode.swift; path = Skeleton.swift; sourceTree = "<group>"; };
		35D21D0F271380440055625F /* CollectionViewController.swift */ = {isa = PBXFileReference; fileEncoding = 4; lastKnownFileType = sourcecode.swift; path = CollectionViewController.swift; sourceTree = "<group>"; };
		35D21D10271380440055625F /* CustomNavigationController.swift */ = {isa = PBXFileReference; fileEncoding = 4; lastKnownFileType = sourcecode.swift; path = CustomNavigationController.swift; sourceTree = "<group>"; };
		35D21D12271380440055625F /* Colors.xcassets */ = {isa = PBXFileReference; lastKnownFileType = folder.assetcatalog; path = Colors.xcassets; sourceTree = "<group>"; };
		35D21D13271380440055625F /* Assets.xcassets */ = {isa = PBXFileReference; lastKnownFileType = folder.assetcatalog; path = Assets.xcassets; sourceTree = "<group>"; };
		35D21D14271380440055625F /* Color.swift */ = {isa = PBXFileReference; fileEncoding = 4; lastKnownFileType = sourcecode.swift; path = Color.swift; sourceTree = "<group>"; };
		35D21D16271380440055625F /* UILabel+AttributedText.swift */ = {isa = PBXFileReference; fileEncoding = 4; lastKnownFileType = sourcecode.swift; path = "UILabel+AttributedText.swift"; sourceTree = "<group>"; };
		35D21D17271380440055625F /* UIViewController+CustomNavigationBar.swift */ = {isa = PBXFileReference; fileEncoding = 4; lastKnownFileType = sourcecode.swift; path = "UIViewController+CustomNavigationBar.swift"; sourceTree = "<group>"; };
		35D21D18271380440055625F /* ViewTag.swift */ = {isa = PBXFileReference; fileEncoding = 4; lastKnownFileType = sourcecode.swift; path = ViewTag.swift; sourceTree = "<group>"; };
		35D21D19271380440055625F /* DrawImage.swift */ = {isa = PBXFileReference; fileEncoding = 4; lastKnownFileType = sourcecode.swift; path = DrawImage.swift; sourceTree = "<group>"; };
		35D21D1A271380440055625F /* UIViewController+Overflow.swift */ = {isa = PBXFileReference; fileEncoding = 4; lastKnownFileType = sourcecode.swift; path = "UIViewController+Overflow.swift"; sourceTree = "<group>"; };
		35D21D1B271380440055625F /* UIImage+Cropping.swift */ = {isa = PBXFileReference; fileEncoding = 4; lastKnownFileType = sourcecode.swift; path = "UIImage+Cropping.swift"; sourceTree = "<group>"; };
		35D21D1C271380440055625F /* Bundle+Current.swift */ = {isa = PBXFileReference; fileEncoding = 4; lastKnownFileType = sourcecode.swift; path = "Bundle+Current.swift"; sourceTree = "<group>"; };
		35D21D1D271380440055625F /* Array+Separators.swift */ = {isa = PBXFileReference; fileEncoding = 4; lastKnownFileType = sourcecode.swift; path = "Array+Separators.swift"; sourceTree = "<group>"; };
/* End PBXFileReference section */

/* Begin PBXFrameworksBuildPhase section */
		35D21CBE271380060055625F /* Frameworks */ = {
			isa = PBXFrameworksBuildPhase;
			buildActionMask = 2147483647;
			files = (
			);
			runOnlyForDeploymentPostprocessing = 0;
		};
/* End PBXFrameworksBuildPhase section */

/* Begin PBXGroup section */
		35D21CB7271380060055625F = {
			isa = PBXGroup;
			children = (
				35D21CCD271380440055625F /* HSEUIComponents */,
				35D21CC2271380060055625F /* Products */,
			);
			sourceTree = "<group>";
		};
		35D21CC2271380060055625F /* Products */ = {
			isa = PBXGroup;
			children = (
				35D21CC1271380060055625F /* HSEUIComponents.framework */,
			);
			name = Products;
			sourceTree = "<group>";
		};
		35D21CCD271380440055625F /* HSEUIComponents */ = {
			isa = PBXGroup;
			children = (
				35D21CCE271380440055625F /* HSEUIComponents.h */,
				35D21CCF271380440055625F /* Components */,
				35D21D05271380440055625F /* ListsCollection */,
				35D21D0C271380440055625F /* Controllers */,
				35D21D11271380440055625F /* Assets */,
				35D21D15271380440055625F /* Helpers */,
			);
			name = HSEUIComponents;
			path = HSEUIComponents/Sources/HSEUIComponents;
			sourceTree = "<group>";
		};
		35D21CCF271380440055625F /* Components */ = {
			isa = PBXGroup;
			children = (
				35D21CD0271380440055625F /* HSELoader.swift */,
				35D21CD1271380440055625F /* TimePicker */,
				35D21CD8271380440055625F /* FiltersViewModel.swift */,
				35D21CD9271380440055625F /* ImageView */,
				35D21CE3271380440055625F /* Buttons */,
				35D21CE7271380440055625F /* BottomButtonView.swift */,
				35D21CE8271380440055625F /* PlaceholderTextView.swift */,
				35D21CE9271380440055625F /* HSERefreshControl.swift */,
				35D21CEA271380440055625F /* MenuOptions */,
				35D21CED271380440055625F /* PaddingViewModel.swift */,
				35D21CEE271380440055625F /* StackViewModel.swift */,
				35D21CEF271380440055625F /* Content */,
				35D21CF5271380440055625F /* ChipsViewModel.swift */,
				35D21CF6271380440055625F /* Overflow */,
				35D21CFA271380440055625F /* Headers */,
				35D21CFD271380440055625F /* Interactive */,
				35D21D04271380440055625F /* NewDataLoaderViewModel.swift */,
			);
			path = Components;
			sourceTree = "<group>";
		};
		35D21CD1271380440055625F /* TimePicker */ = {
			isa = PBXGroup;
			children = (
				35D21CD2271380440055625F /* RangeSliderTrackLayer.swift */,
				35D21CD3271380440055625F /* TimeBounds.swift */,
				35D21CD4271380440055625F /* Time.swift */,
				35D21CD5271380440055625F /* TimePickerView.swift */,
				35D21CD6271380440055625F /* RangeSlider.swift */,
				35D21CD7271380440055625F /* TimePickerScrollView.swift */,
			);
			path = TimePicker;
			sourceTree = "<group>";
		};
		35D21CD9271380440055625F /* ImageView */ = {
			isa = PBXGroup;
			children = (
				35D21CDA271380440055625F /* ImageDisplayer */,
				35D21CDF271380440055625F /* ImageView.swift */,
				35D21CE0271380440055625F /* Helpers */,
			);
			path = ImageView;
			sourceTree = "<group>";
		};
		35D21CDA271380440055625F /* ImageDisplayer */ = {
			isa = PBXGroup;
			children = (
				35D21CDB271380440055625F /* ImageViewTransitionPresentationManager.swift */,
				35D21CDC271380440055625F /* ImageDisplayerViewController.swift */,
				35D21CDD271380440055625F /* ImageViewerController.swift */,
				35D21CDE271380440055625F /* ImageDataSource.swift */,
			);
			path = ImageDisplayer;
			sourceTree = "<group>";
		};
		35D21CE0271380440055625F /* Helpers */ = {
			isa = PBXGroup;
			children = (
				35D21CE1271380440055625F /* IImageLoader.swift */,
				35D21CE2271380440055625F /* ImageSaver.swift */,
			);
			path = Helpers;
			sourceTree = "<group>";
		};
		35D21CE3271380440055625F /* Buttons */ = {
			isa = PBXGroup;
			children = (
				35D21CE4271380440055625F /* ButtonWithLeadingImage.swift */,
				35D21CE5271380440055625F /* BrandButton.swift */,
				35D21CE6271380440055625F /* ExpandedButton.swift */,
			);
			path = Buttons;
			sourceTree = "<group>";
		};
		35D21CEA271380440055625F /* MenuOptions */ = {
			isa = PBXGroup;
			children = (
				35D21CEB271380440055625F /* MenuOptionViewModel.swift */,
				35D21CEC271380440055625F /* MenuOptionsCollectionViewModel.swift */,
			);
			path = MenuOptions;
			sourceTree = "<group>";
		};
		35D21CEF271380440055625F /* Content */ = {
			isa = PBXGroup;
			children = (
				35D21CF0271380440055625F /* DoubleTextViewModel.swift */,
				35D21CF1271380440055625F /* TitleWithSubtitleViewModel.swift */,
				35D21CF2271380440055625F /* ImageWithTextViewModel.swift */,
				35D21CF3271380440055625F /* ImageViewModel.swift */,
				35D21CF4271380440055625F /* TextViewModel.swift */,
			);
			path = Content;
			sourceTree = "<group>";
		};
		35D21CF6271380440055625F /* Overflow */ = {
			isa = PBXGroup;
			children = (
				35D21CF7271380440055625F /* OverflowViewModel.swift */,
				35D21CF8271380440055625F /* OveflowView.swift */,
				35D21CF9271380440055625F /* OverflowViewController.swift */,
			);
			path = Overflow;
			sourceTree = "<group>";
		};
		35D21CFA271380440055625F /* Headers */ = {
			isa = PBXGroup;
			children = (
				35D21CFB271380440055625F /* HeaderViewModel.swift */,
				35D21CFC271380440055625F /* BaseEntityHeaderView.swift */,
			);
			path = Headers;
			sourceTree = "<group>";
		};
		35D21CFD271380440055625F /* Interactive */ = {
			isa = PBXGroup;
			children = (
				35D21CFE271380440055625F /* TextFieldViewModel.swift */,
				35D21CFF271380440055625F /* ActionButtonViewModel.swift */,
				35D21D00271380440055625F /* AppendViewModel.swift */,
				35D21D01271380440055625F /* CheckboxViewModel.swift */,
				35D21D02271380440055625F /* TextInputViewModel.swift */,
				35D21D03271380440055625F /* PickerViewModel.swift */,
			);
			path = Interactive;
			sourceTree = "<group>";
		};
		35D21D05271380440055625F /* ListsCollection */ = {
			isa = PBXGroup;
			children = (
				35D21D06271380440055625F /* BottomPageContainerView.swift */,
				35D21D07271380440055625F /* BottomPageList */,
				35D21D0B271380440055625F /* ListsCollectionView.swift */,
			);
			path = ListsCollection;
			sourceTree = "<group>";
		};
		35D21D07271380440055625F /* BottomPageList */ = {
			isa = PBXGroup;
			children = (
				35D21D08271380440055625F /* BottomPageModel.swift */,
				35D21D09271380440055625F /* ListView.swift */,
				35D21D0A271380440055625F /* WebView.swift */,
			);
			path = BottomPageList;
			sourceTree = "<group>";
		};
		35D21D0C271380440055625F /* Controllers */ = {
			isa = PBXGroup;
			children = (
				35D21D0D271380440055625F /* Skeleton */,
				35D21D0F271380440055625F /* CollectionViewController.swift */,
				35D21D10271380440055625F /* CustomNavigationController.swift */,
			);
			path = Controllers;
			sourceTree = "<group>";
		};
		35D21D0D271380440055625F /* Skeleton */ = {
			isa = PBXGroup;
			children = (
				35D21D0E271380440055625F /* Skeleton.swift */,
			);
			path = Skeleton;
			sourceTree = "<group>";
		};
		35D21D11271380440055625F /* Assets */ = {
			isa = PBXGroup;
			children = (
				35D21D12271380440055625F /* Colors.xcassets */,
				35D21D13271380440055625F /* Assets.xcassets */,
				35D21D14271380440055625F /* Color.swift */,
			);
			path = Assets;
			sourceTree = "<group>";
		};
		35D21D15271380440055625F /* Helpers */ = {
			isa = PBXGroup;
			children = (
				35D21D16271380440055625F /* UILabel+AttributedText.swift */,
				35D21D17271380440055625F /* UIViewController+CustomNavigationBar.swift */,
				35D21D18271380440055625F /* ViewTag.swift */,
				35D21D19271380440055625F /* DrawImage.swift */,
				35D21D1A271380440055625F /* UIViewController+Overflow.swift */,
				35D21D1B271380440055625F /* UIImage+Cropping.swift */,
				35D21D1C271380440055625F /* Bundle+Current.swift */,
				35D21D1D271380440055625F /* Array+Separators.swift */,
			);
			path = Helpers;
			sourceTree = "<group>";
		};
/* End PBXGroup section */

/* Begin PBXHeadersBuildPhase section */
		35D21CBC271380060055625F /* Headers */ = {
			isa = PBXHeadersBuildPhase;
			buildActionMask = 2147483647;
			files = (
				35D21D1E271380440055625F /* HSEUIComponents.h in Headers */,
			);
			runOnlyForDeploymentPostprocessing = 0;
		};
/* End PBXHeadersBuildPhase section */

/* Begin PBXNativeTarget section */
		35D21CC0271380060055625F /* HSEUIComponents */ = {
			isa = PBXNativeTarget;
			buildConfigurationList = 35D21CCA271380060055625F /* Build configuration list for PBXNativeTarget "HSEUIComponents" */;
			buildPhases = (
				35D21CBC271380060055625F /* Headers */,
				35D21CBD271380060055625F /* Sources */,
				35D21CBE271380060055625F /* Frameworks */,
				35D21CBF271380060055625F /* Resources */,
			);
			buildRules = (
			);
			dependencies = (
			);
			name = HSEUIComponents;
			productName = HSEUIComponents;
			productReference = 35D21CC1271380060055625F /* HSEUIComponents.framework */;
			productType = "com.apple.product-type.framework";
		};
/* End PBXNativeTarget section */

/* Begin PBXProject section */
		35D21CB8271380060055625F /* Project object */ = {
			isa = PBXProject;
			attributes = {
				BuildIndependentTargetsInParallel = 1;
				LastUpgradeCheck = 1300;
				TargetAttributes = {
					35D21CC0271380060055625F = {
						CreatedOnToolsVersion = 13.0;
					};
				};
			};
			buildConfigurationList = 35D21CBB271380060055625F /* Build configuration list for PBXProject "HSEUIComponents" */;
			compatibilityVersion = "Xcode 13.0";
			developmentRegion = en;
			hasScannedForEncodings = 0;
			knownRegions = (
				en,
				Base,
			);
			mainGroup = 35D21CB7271380060055625F;
			productRefGroup = 35D21CC2271380060055625F /* Products */;
			projectDirPath = "";
			projectRoot = "";
			targets = (
				35D21CC0271380060055625F /* HSEUIComponents */,
			);
		};
/* End PBXProject section */

/* Begin PBXResourcesBuildPhase section */
		35D21CBF271380060055625F /* Resources */ = {
			isa = PBXResourcesBuildPhase;
			buildActionMask = 2147483647;
			files = (
				35D21D53271380440055625F /* Assets.xcassets in Resources */,
				35D21D52271380440055625F /* Colors.xcassets in Resources */,
			);
			runOnlyForDeploymentPostprocessing = 0;
		};
/* End PBXResourcesBuildPhase section */

/* Begin PBXSourcesBuildPhase section */
		35D21CBD271380060055625F /* Sources */ = {
			isa = PBXSourcesBuildPhase;
			buildActionMask = 2147483647;
			files = (
				35D21D22271380440055625F /* Time.swift in Sources */,
				35D21D3D271380440055625F /* ChipsViewModel.swift in Sources */,
				35D21D20271380440055625F /* RangeSliderTrackLayer.swift in Sources */,
				35D21D29271380440055625F /* ImageViewerController.swift in Sources */,
				35D21D4B271380440055625F /* BottomPageModel.swift in Sources */,
				35D21D3C271380440055625F /* TextViewModel.swift in Sources */,
				35D21D46271380440055625F /* CheckboxViewModel.swift in Sources */,
				35D21D45271380440055625F /* AppendViewModel.swift in Sources */,
				35D21D43271380440055625F /* TextFieldViewModel.swift in Sources */,
				35D21D39271380440055625F /* TitleWithSubtitleViewModel.swift in Sources */,
				35D21D21271380440055625F /* TimeBounds.swift in Sources */,
				35D21D31271380440055625F /* BottomButtonView.swift in Sources */,
				35D21D2B271380440055625F /* ImageView.swift in Sources */,
				35D21D23271380440055625F /* TimePickerView.swift in Sources */,
				35D21D2E271380440055625F /* ButtonWithLeadingImage.swift in Sources */,
				35D21D51271380440055625F /* CustomNavigationController.swift in Sources */,
				35D21D41271380440055625F /* HeaderViewModel.swift in Sources */,
				35D21D56271380440055625F /* UIViewController+CustomNavigationBar.swift in Sources */,
				35D21D54271380440055625F /* Color.swift in Sources */,
				35D21D5C271380440055625F /* Array+Separators.swift in Sources */,
				35D21D5B271380440055625F /* Bundle+Current.swift in Sources */,
				35D21D24271380440055625F /* RangeSlider.swift in Sources */,
				35D21D4D271380440055625F /* WebView.swift in Sources */,
				35D21D30271380440055625F /* ExpandedButton.swift in Sources */,
				35D21D3A271380440055625F /* ImageWithTextViewModel.swift in Sources */,
				35D21D44271380440055625F /* ActionButtonViewModel.swift in Sources */,
				35D21D34271380440055625F /* MenuOptionViewModel.swift in Sources */,
				35D21D35271380440055625F /* MenuOptionsCollectionViewModel.swift in Sources */,
				35D21D33271380440055625F /* HSERefreshControl.swift in Sources */,
				35D21D59271380440055625F /* UIViewController+Overflow.swift in Sources */,
				35D21D58271380440055625F /* DrawImage.swift in Sources */,
				35D21D2D271380440055625F /* ImageSaver.swift in Sources */,
				35D21D40271380440055625F /* OverflowViewController.swift in Sources */,
				35D21D4E271380440055625F /* ListsCollectionView.swift in Sources */,
				35D21D3E271380440055625F /* OverflowViewModel.swift in Sources */,
				35D21D2F271380440055625F /* BrandButton.swift in Sources */,
				35D21D4F271380440055625F /* Skeleton.swift in Sources */,
				35D21D2A271380440055625F /* ImageDataSource.swift in Sources */,
				35D21D1F271380440055625F /* HSELoader.swift in Sources */,
				35D21D4A271380440055625F /* BottomPageContainerView.swift in Sources */,
				35D21D4C271380440055625F /* ListView.swift in Sources */,
				35D21D27271380440055625F /* ImageViewTransitionPresentationManager.swift in Sources */,
				35D21D2C271380440055625F /* IImageLoader.swift in Sources */,
				35D21D26271380440055625F /* FiltersViewModel.swift in Sources */,
				35D21D36271380440055625F /* PaddingViewModel.swift in Sources */,
				35D21D3B271380440055625F /* ImageViewModel.swift in Sources */,
				35D21D42271380440055625F /* BaseEntityHeaderView.swift in Sources */,
				35D21D37271380440055625F /* StackViewModel.swift in Sources */,
				35D21D28271380440055625F /* ImageDisplayerViewController.swift in Sources */,
				35D21D48271380440055625F /* PickerViewModel.swift in Sources */,
				35D21D3F271380440055625F /* OveflowView.swift in Sources */,
				35D21D50271380440055625F /* CollectionViewController.swift in Sources */,
				35D21D25271380440055625F /* TimePickerScrollView.swift in Sources */,
				35D21D55271380440055625F /* UILabel+AttributedText.swift in Sources */,
				35D21D38271380440055625F /* DoubleTextViewModel.swift in Sources */,
				35D21D32271380440055625F /* PlaceholderTextView.swift in Sources */,
				35D21D57271380440055625F /* ViewTag.swift in Sources */,
				35D21D47271380440055625F /* TextInputViewModel.swift in Sources */,
				35D21D49271380440055625F /* NewDataLoaderViewModel.swift in Sources */,
				35D21D5A271380440055625F /* UIImage+Cropping.swift in Sources */,
			);
			runOnlyForDeploymentPostprocessing = 0;
		};
/* End PBXSourcesBuildPhase section */

/* Begin XCBuildConfiguration section */
		35D21CC8271380060055625F /* Debug */ = {
			isa = XCBuildConfiguration;
			buildSettings = {
				ALWAYS_SEARCH_USER_PATHS = NO;
				CLANG_ANALYZER_NONNULL = YES;
				CLANG_ANALYZER_NUMBER_OBJECT_CONVERSION = YES_AGGRESSIVE;
				CLANG_CXX_LANGUAGE_STANDARD = "gnu++17";
				CLANG_CXX_LIBRARY = "libc++";
				CLANG_ENABLE_MODULES = YES;
				CLANG_ENABLE_OBJC_ARC = YES;
				CLANG_ENABLE_OBJC_WEAK = YES;
				CLANG_WARN_BLOCK_CAPTURE_AUTORELEASING = YES;
				CLANG_WARN_BOOL_CONVERSION = YES;
				CLANG_WARN_COMMA = YES;
				CLANG_WARN_CONSTANT_CONVERSION = YES;
				CLANG_WARN_DEPRECATED_OBJC_IMPLEMENTATIONS = YES;
				CLANG_WARN_DIRECT_OBJC_ISA_USAGE = YES_ERROR;
				CLANG_WARN_DOCUMENTATION_COMMENTS = YES;
				CLANG_WARN_EMPTY_BODY = YES;
				CLANG_WARN_ENUM_CONVERSION = YES;
				CLANG_WARN_INFINITE_RECURSION = YES;
				CLANG_WARN_INT_CONVERSION = YES;
				CLANG_WARN_NON_LITERAL_NULL_CONVERSION = YES;
				CLANG_WARN_OBJC_IMPLICIT_RETAIN_SELF = YES;
				CLANG_WARN_OBJC_LITERAL_CONVERSION = YES;
				CLANG_WARN_OBJC_ROOT_CLASS = YES_ERROR;
				CLANG_WARN_QUOTED_INCLUDE_IN_FRAMEWORK_HEADER = YES;
				CLANG_WARN_RANGE_LOOP_ANALYSIS = YES;
				CLANG_WARN_STRICT_PROTOTYPES = YES;
				CLANG_WARN_SUSPICIOUS_MOVE = YES;
				CLANG_WARN_UNGUARDED_AVAILABILITY = YES_AGGRESSIVE;
				CLANG_WARN_UNREACHABLE_CODE = YES;
				CLANG_WARN__DUPLICATE_METHOD_MATCH = YES;
				COPY_PHASE_STRIP = NO;
				CURRENT_PROJECT_VERSION = 1;
				DEBUG_INFORMATION_FORMAT = dwarf;
				ENABLE_STRICT_OBJC_MSGSEND = YES;
				ENABLE_TESTABILITY = YES;
				GCC_C_LANGUAGE_STANDARD = gnu11;
				GCC_DYNAMIC_NO_PIC = NO;
				GCC_NO_COMMON_BLOCKS = YES;
				GCC_OPTIMIZATION_LEVEL = 0;
				GCC_PREPROCESSOR_DEFINITIONS = (
					"DEBUG=1",
					"$(inherited)",
				);
				GCC_WARN_64_TO_32_BIT_CONVERSION = YES;
				GCC_WARN_ABOUT_RETURN_TYPE = YES_ERROR;
				GCC_WARN_UNDECLARED_SELECTOR = YES;
				GCC_WARN_UNINITIALIZED_AUTOS = YES_AGGRESSIVE;
				GCC_WARN_UNUSED_FUNCTION = YES;
				GCC_WARN_UNUSED_VARIABLE = YES;
				IPHONEOS_DEPLOYMENT_TARGET = 13.0;
				MTL_ENABLE_DEBUG_INFO = INCLUDE_SOURCE;
				MTL_FAST_MATH = YES;
				ONLY_ACTIVE_ARCH = YES;
				SDKROOT = iphoneos;
				SWIFT_ACTIVE_COMPILATION_CONDITIONS = DEBUG;
				SWIFT_OPTIMIZATION_LEVEL = "-Onone";
				VERSIONING_SYSTEM = "apple-generic";
				VERSION_INFO_PREFIX = "";
			};
			name = Debug;
		};
		35D21CC9271380060055625F /* Release */ = {
			isa = XCBuildConfiguration;
			buildSettings = {
				ALWAYS_SEARCH_USER_PATHS = NO;
				CLANG_ANALYZER_NONNULL = YES;
				CLANG_ANALYZER_NUMBER_OBJECT_CONVERSION = YES_AGGRESSIVE;
				CLANG_CXX_LANGUAGE_STANDARD = "gnu++17";
				CLANG_CXX_LIBRARY = "libc++";
				CLANG_ENABLE_MODULES = YES;
				CLANG_ENABLE_OBJC_ARC = YES;
				CLANG_ENABLE_OBJC_WEAK = YES;
				CLANG_WARN_BLOCK_CAPTURE_AUTORELEASING = YES;
				CLANG_WARN_BOOL_CONVERSION = YES;
				CLANG_WARN_COMMA = YES;
				CLANG_WARN_CONSTANT_CONVERSION = YES;
				CLANG_WARN_DEPRECATED_OBJC_IMPLEMENTATIONS = YES;
				CLANG_WARN_DIRECT_OBJC_ISA_USAGE = YES_ERROR;
				CLANG_WARN_DOCUMENTATION_COMMENTS = YES;
				CLANG_WARN_EMPTY_BODY = YES;
				CLANG_WARN_ENUM_CONVERSION = YES;
				CLANG_WARN_INFINITE_RECURSION = YES;
				CLANG_WARN_INT_CONVERSION = YES;
				CLANG_WARN_NON_LITERAL_NULL_CONVERSION = YES;
				CLANG_WARN_OBJC_IMPLICIT_RETAIN_SELF = YES;
				CLANG_WARN_OBJC_LITERAL_CONVERSION = YES;
				CLANG_WARN_OBJC_ROOT_CLASS = YES_ERROR;
				CLANG_WARN_QUOTED_INCLUDE_IN_FRAMEWORK_HEADER = YES;
				CLANG_WARN_RANGE_LOOP_ANALYSIS = YES;
				CLANG_WARN_STRICT_PROTOTYPES = YES;
				CLANG_WARN_SUSPICIOUS_MOVE = YES;
				CLANG_WARN_UNGUARDED_AVAILABILITY = YES_AGGRESSIVE;
				CLANG_WARN_UNREACHABLE_CODE = YES;
				CLANG_WARN__DUPLICATE_METHOD_MATCH = YES;
				COPY_PHASE_STRIP = NO;
				CURRENT_PROJECT_VERSION = 1;
				DEBUG_INFORMATION_FORMAT = "dwarf-with-dsym";
				ENABLE_NS_ASSERTIONS = NO;
				ENABLE_STRICT_OBJC_MSGSEND = YES;
				GCC_C_LANGUAGE_STANDARD = gnu11;
				GCC_NO_COMMON_BLOCKS = YES;
				GCC_WARN_64_TO_32_BIT_CONVERSION = YES;
				GCC_WARN_ABOUT_RETURN_TYPE = YES_ERROR;
				GCC_WARN_UNDECLARED_SELECTOR = YES;
				GCC_WARN_UNINITIALIZED_AUTOS = YES_AGGRESSIVE;
				GCC_WARN_UNUSED_FUNCTION = YES;
				GCC_WARN_UNUSED_VARIABLE = YES;
				IPHONEOS_DEPLOYMENT_TARGET = 13.0;
				MTL_ENABLE_DEBUG_INFO = NO;
				MTL_FAST_MATH = YES;
				SDKROOT = iphoneos;
				SWIFT_COMPILATION_MODE = wholemodule;
				SWIFT_OPTIMIZATION_LEVEL = "-O";
				VALIDATE_PRODUCT = YES;
				VERSIONING_SYSTEM = "apple-generic";
				VERSION_INFO_PREFIX = "";
			};
			name = Release;
		};
		35D21CCB271380060055625F /* Debug */ = {
			isa = XCBuildConfiguration;
			buildSettings = {
				CODE_SIGN_STYLE = Automatic;
				CURRENT_PROJECT_VERSION = 1;
				DEFINES_MODULE = YES;
				DEVELOPMENT_TEAM = JX348C67KN;
				DYLIB_COMPATIBILITY_VERSION = 1;
				DYLIB_CURRENT_VERSION = 1;
				DYLIB_INSTALL_NAME_BASE = "@rpath";
				GENERATE_INFOPLIST_FILE = YES;
				INFOPLIST_KEY_NSHumanReadableCopyright = "";
				INSTALL_PATH = "$(LOCAL_LIBRARY_DIR)/Frameworks";
				IPHONEOS_DEPLOYMENT_TARGET = 13.0;
				"IPHONEOS_DEPLOYMENT_TARGET[sdk=macosx*]" = 13.1;
				LD_RUNPATH_SEARCH_PATHS = (
					"$(inherited)",
					"@executable_path/Frameworks",
					"@loader_path/Frameworks",
				);
				MARKETING_VERSION = 1.0;
				PRODUCT_BUNDLE_IDENTIFIER = com.matkavt.HSEUIComponents;
				PRODUCT_NAME = "$(TARGET_NAME:c99extidentifier)";
				SKIP_INSTALL = YES;
				SWIFT_EMIT_LOC_STRINGS = YES;
				SWIFT_VERSION = 5.0;
				TARGETED_DEVICE_FAMILY = "1,2";
			};
			name = Debug;
		};
		35D21CCC271380060055625F /* Release */ = {
			isa = XCBuildConfiguration;
			buildSettings = {
				CODE_SIGN_STYLE = Automatic;
				CURRENT_PROJECT_VERSION = 1;
				DEFINES_MODULE = YES;
				DEVELOPMENT_TEAM = JX348C67KN;
				DYLIB_COMPATIBILITY_VERSION = 1;
				DYLIB_CURRENT_VERSION = 1;
				DYLIB_INSTALL_NAME_BASE = "@rpath";
				GENERATE_INFOPLIST_FILE = YES;
				INFOPLIST_KEY_NSHumanReadableCopyright = "";
				INSTALL_PATH = "$(LOCAL_LIBRARY_DIR)/Frameworks";
				IPHONEOS_DEPLOYMENT_TARGET = 13.0;
				"IPHONEOS_DEPLOYMENT_TARGET[sdk=macosx*]" = 13.1;
				LD_RUNPATH_SEARCH_PATHS = (
					"$(inherited)",
					"@executable_path/Frameworks",
					"@loader_path/Frameworks",
				);
				MARKETING_VERSION = 1.0;
				PRODUCT_BUNDLE_IDENTIFIER = com.matkavt.HSEUIComponents;
				PRODUCT_NAME = "$(TARGET_NAME:c99extidentifier)";
				SKIP_INSTALL = YES;
				SWIFT_EMIT_LOC_STRINGS = YES;
				SWIFT_VERSION = 5.0;
				TARGETED_DEVICE_FAMILY = "1,2";
			};
			name = Release;
		};
/* End XCBuildConfiguration section */

/* Begin XCConfigurationList section */
		35D21CBB271380060055625F /* Build configuration list for PBXProject "HSEUIComponents" */ = {
			isa = XCConfigurationList;
			buildConfigurations = (
				35D21CC8271380060055625F /* Debug */,
				35D21CC9271380060055625F /* Release */,
			);
			defaultConfigurationIsVisible = 0;
			defaultConfigurationName = Release;
		};
		35D21CCA271380060055625F /* Build configuration list for PBXNativeTarget "HSEUIComponents" */ = {
			isa = XCConfigurationList;
			buildConfigurations = (
				35D21CCB271380060055625F /* Debug */,
				35D21CCC271380060055625F /* Release */,
			);
			defaultConfigurationIsVisible = 0;
			defaultConfigurationName = Release;
		};
/* End XCConfigurationList section */
	};
	rootObject = 35D21CB8271380060055625F /* Project object */;
}
